# THIS IS AN AUTOGENERATED FILE. DO NOT EDIT THIS FILE DIRECTLY.
# yarn lockfile v1


"@types/lodash@^4.14.117":
  version "4.14.117"
  resolved "https://registry.yarnpkg.com/@types/lodash/-/lodash-4.14.117.tgz#695a7f514182771a1e0f4345d189052ee33c8778"

lodash@^4.17.11:
  version "4.17.11"
  resolved "https://registry.yarnpkg.com/lodash/-/lodash-4.17.11.tgz#b39ea6229ef607ecd89e2c8df12536891cac9b8d"
